{
    "_meta": {
        "hash": {
            "sha256": "772a42230c51771a6ab764eb529dfe1c639154050da86e597d0c04853ec82c13"
        },
        "pipfile-spec": 6,
        "requires": {
            "python_version": "3.9"
        },
        "sources": [
            {
                "name": "pypi",
                "url": "https://pypi.org/simple",
                "verify_ssl": true
            }
        ]
    },
    "default": {
        "marshmallow": {
            "hashes": [
                "sha256:2aaaab4f01ef4f5a011a21319af9fce17ab13bf28a026d1252adab0e035648d5",
                "sha256:ff79885ed43b579782f48c251d262e062bce49c65c52412458769a4fb57ac30f"
            ],
            "index": "pypi",
            "version": "==3.15.0"
        },
        "packaging": {
            "hashes": [
                "sha256:dd47c42927d89ab911e606518907cc2d3a1f38bbd026385970643f9c5b8ecfeb",
                "sha256:ef103e05f519cdc783ae24ea4e2e0f508a9c99b2d4969652eed6a2e1ea5bd522"
            ],
            "markers": "python_version >= '3.6'",
            "version": "==21.3"
        },
        "pyparsing": {
            "hashes": [
                "sha256:18ee9022775d270c55187733956460083db60b37d0d0fb357445f3094eed3eea",
                "sha256:a6c06a88f252e6c322f65faf8f418b16213b51bdfaece0524c1c1bc30c63c484"
            ],
            "markers": "python_version >= '3.6'",
            "version": "==3.0.7"
        }
    },
    "develop": {}
}
